// !$*UTF8*$!
{
	archiveVersion = 1;
	classes = {
	};
	objectVersion = 50;
	objects = {

/* Begin PBXBuildFile section */
		1D10AACF232621A700F34D51 /* AppDelegate.swift in Sources */ = {isa = PBXBuildFile; fileRef = 1D10AACE232621A700F34D51 /* AppDelegate.swift */; };
		1D10AAD1232621A700F34D51 /* ViewController.swift in Sources */ = {isa = PBXBuildFile; fileRef = 1D10AAD0232621A700F34D51 /* ViewController.swift */; };
		1D10AAD4232621A700F34D51 /* Main.storyboard in Resources */ = {isa = PBXBuildFile; fileRef = 1D10AAD2232621A700F34D51 /* Main.storyboard */; };
		1D10AAD6232621A700F34D51 /* Assets.xcassets in Resources */ = {isa = PBXBuildFile; fileRef = 1D10AAD5232621A700F34D51 /* Assets.xcassets */; };
		1D10AAD9232621A700F34D51 /* LaunchScreen.storyboard in Resources */ = {isa = PBXBuildFile; fileRef = 1D10AAD7232621A700F34D51 /* LaunchScreen.storyboard */; };
		1D10AAE4232621A700F34D51 /* HappyDogTests.swift in Sources */ = {isa = PBXBuildFile; fileRef = 1D10AAE3232621A700F34D51 /* HappyDogTests.swift */; };
/* End PBXBuildFile section */

/* Begin PBXContainerItemProxy section */
		1D10AAE0232621A700F34D51 /* PBXContainerItemProxy */ = {
			isa = PBXContainerItemProxy;
			containerPortal = 1D10AAC3232621A700F34D51 /* Project object */;
			proxyType = 1;
			remoteGlobalIDString = 1D10AACA232621A700F34D51;
			remoteInfo = HappyDog;
		};
/* End PBXContainerItemProxy section */

/* Begin PBXFileReference section */
		1D10AACB232621A700F34D51 /* HappyDog.app */ = {isa = PBXFileReference; explicitFileType = wrapper.application; includeInIndex = 0; path = HappyDog.app; sourceTree = BUILT_PRODUCTS_DIR; };
		1D10AACE232621A700F34D51 /* AppDelegate.swift */ = {isa = PBXFileReference; lastKnownFileType = sourcecode.swift; path = AppDelegate.swift; sourceTree = "<group>"; };
		1D10AAD0232621A700F34D51 /* ViewController.swift */ = {isa = PBXFileReference; lastKnownFileType = sourcecode.swift; path = ViewController.swift; sourceTree = "<group>"; };
		1D10AAD3232621A700F34D51 /* Base */ = {isa = PBXFileReference; lastKnownFileType = file.storyboard; name = Base; path = Base.lproj/Main.storyboard; sourceTree = "<group>"; };
		1D10AAD5232621A700F34D51 /* Assets.xcassets */ = {isa = PBXFileReference; lastKnownFileType = folder.assetcatalog; path = Assets.xcassets; sourceTree = "<group>"; };
		1D10AAD8232621A700F34D51 /* Base */ = {isa = PBXFileReference; lastKnownFileType = file.storyboard; name = Base; path = Base.lproj/LaunchScreen.storyboard; sourceTree = "<group>"; };
		1D10AADA232621A700F34D51 /* Info.plist */ = {isa = PBXFileReference; lastKnownFileType = text.plist.xml; path = Info.plist; sourceTree = "<group>"; };
		1D10AADF232621A700F34D51 /* HappyDogTests.xctest */ = {isa = PBXFileReference; explicitFileType = wrapper.cfbundle; includeInIndex = 0; path = HappyDogTests.xctest; sourceTree = BUILT_PRODUCTS_DIR; };
		1D10AAE3232621A700F34D51 /* HappyDogTests.swift */ = {isa = PBXFileReference; lastKnownFileType = sourcecode.swift; path = HappyDogTests.swift; sourceTree = "<group>"; };
		1D10AAE5232621A700F34D51 /* Info.plist */ = {isa = PBXFileReference; lastKnownFileType = text.plist.xml; path = Info.plist; sourceTree = "<group>"; };
/* End PBXFileReference section */

/* Begin PBXFrameworksBuildPhase section */
		1D10AAC8232621A700F34D51 /* Frameworks */ = {
			isa = PBXFrameworksBuildPhase;
			buildActionMask = 2147483647;
			files = (
			);
			runOnlyForDeploymentPostprocessing = 0;
		};
		1D10AADC232621A700F34D51 /* Frameworks */ = {
			isa = PBXFrameworksBuildPhase;
			buildActionMask = 2147483647;
			files = (
			);
			runOnlyForDeploymentPostprocessing = 0;
		};
/* End PBXFrameworksBuildPhase section */

/* Begin PBXGroup section */
		1D10AAC2232621A600F34D51 = {
			isa = PBXGroup;
			children = (
				1D10AACD232621A700F34D51 /* HappyDog */,
				1D10AAE2232621A700F34D51 /* HappyDogTests */,
				1D10AACC232621A700F34D51 /* Products */,
			);
			sourceTree = "<group>";
		};
		1D10AACC232621A700F34D51 /* Products */ = {
			isa = PBXGroup;
			children = (
				1D10AACB232621A700F34D51 /* HappyDog.app */,
				1D10AADF232621A700F34D51 /* HappyDogTests.xctest */,
			);
			name = Products;
			sourceTree = "<group>";
		};
		1D10AACD232621A700F34D51 /* HappyDog */ = {
			isa = PBXGroup;
			children = (
				1D10AACE232621A700F34D51 /* AppDelegate.swift */,
				1D10AAD0232621A700F34D51 /* ViewController.swift */,
				1D10AAD2232621A700F34D51 /* Main.storyboard */,
				1D10AAD5232621A700F34D51 /* Assets.xcassets */,
				1D10AAD7232621A700F34D51 /* LaunchScreen.storyboard */,
				1D10AADA232621A700F34D51 /* Info.plist */,
			);
			path = HappyDog;
			sourceTree = "<group>";
		};
		1D10AAE2232621A700F34D51 /* HappyDogTests */ = {
			isa = PBXGroup;
			children = (
				1D10AAE3232621A700F34D51 /* HappyDogTests.swift */,
				1D10AAE5232621A700F34D51 /* Info.plist */,
			);
			path = HappyDogTests;
			sourceTree = "<group>";
		};
/* End PBXGroup section */

/* Begin PBXNativeTarget section */
		1D10AACA232621A700F34D51 /* HappyDog */ = {
			isa = PBXNativeTarget;
			buildConfigurationList = 1D10AAE8232621A700F34D51 /* Build configuration list for PBXNativeTarget "HappyDog" */;
			buildPhases = (
				1D10AAC7232621A700F34D51 /* Sources */,
				1D10AAC8232621A700F34D51 /* Frameworks */,
				1D10AAC9232621A700F34D51 /* Resources */,
			);
			buildRules = (
			);
			dependencies = (
			);
			name = HappyDog;
			productName = HappyDog;
			productReference = 1D10AACB232621A700F34D51 /* HappyDog.app */;
			productType = "com.apple.product-type.application";
		};
		1D10AADE232621A700F34D51 /* HappyDogTests */ = {
			isa = PBXNativeTarget;
			buildConfigurationList = 1D10AAEB232621A700F34D51 /* Build configuration list for PBXNativeTarget "HappyDogTests" */;
			buildPhases = (
				1D10AADB232621A700F34D51 /* Sources */,
				1D10AADC232621A700F34D51 /* Frameworks */,
				1D10AADD232621A700F34D51 /* Resources */,
			);
			buildRules = (
			);
			dependencies = (
				1D10AAE1232621A700F34D51 /* PBXTargetDependency */,
			);
			name = HappyDogTests;
			productName = HappyDogTests;
			productReference = 1D10AADF232621A700F34D51 /* HappyDogTests.xctest */;
			productType = "com.apple.product-type.bundle.unit-test";
		};
/* End PBXNativeTarget section */

/* Begin PBXProject section */
		1D10AAC3232621A700F34D51 /* Project object */ = {
			isa = PBXProject;
			attributes = {
				LastSwiftUpdateCheck = 1030;
				LastUpgradeCheck = 1030;
				ORGANIZATIONNAME = qyd.cc;
				TargetAttributes = {
					1D10AACA232621A700F34D51 = {
						CreatedOnToolsVersion = 10.3;
					};
					1D10AADE232621A700F34D51 = {
						CreatedOnToolsVersion = 10.3;
						TestTargetID = 1D10AACA232621A700F34D51;
					};
				};
			};
			buildConfigurationList = 1D10AAC6232621A700F34D51 /* Build configuration list for PBXProject "HappyDog" */;
			compatibilityVersion = "Xcode 9.3";
			developmentRegion = en;
			hasScannedForEncodings = 0;
			knownRegions = (
				en,
				Base,
			);
			mainGroup = 1D10AAC2232621A600F34D51;
			productRefGroup = 1D10AACC232621A700F34D51 /* Products */;
			projectDirPath = "";
			projectRoot = "";
			targets = (
				1D10AACA232621A700F34D51 /* HappyDog */,
				1D10AADE232621A700F34D51 /* HappyDogTests */,
			);
		};
/* End PBXProject section */

/* Begin PBXResourcesBuildPhase section */
		1D10AAC9232621A700F34D51 /* Resources */ = {
			isa = PBXResourcesBuildPhase;
			buildActionMask = 2147483647;
			files = (
				1D10AAD9232621A700F34D51 /* LaunchScreen.storyboard in Resources */,
				1D10AAD6232621A700F34D51 /* Assets.xcassets in Resources */,
				1D10AAD4232621A700F34D51 /* Main.storyboard in Resources */,
			);
			runOnlyForDeploymentPostprocessing = 0;
		};
		1D10AADD232621A700F34D51 /* Resources */ = {
			isa = PBXResourcesBuildPhase;
			buildActionMask = 2147483647;
			files = (
			);
			runOnlyForDeploymentPostprocessing = 0;
		};
/* End PBXResourcesBuildPhase section */

/* Begin PBXSourcesBuildPhase section */
		1D10AAC7232621A700F34D51 /* Sources */ = {
			isa = PBXSourcesBuildPhase;
			buildActionMask = 2147483647;
			files = (
				1D10AAD1232621A700F34D51 /* ViewController.swift in Sources */,
				1D10AACF232621A700F34D51 /* AppDelegate.swift in Sources */,
			);
			runOnlyForDeploymentPostprocessing = 0;
		};
		1D10AADB232621A700F34D51 /* Sources */ = {
			isa = PBXSourcesBuildPhase;
			buildActionMask = 2147483647;
			files = (
				1D10AAE4232621A700F34D51 /* HappyDogTests.swift in Sources */,
			);
			runOnlyForDeploymentPostprocessing = 0;
		};
/* End PBXSourcesBuildPhase section */

/* Begin PBXTargetDependency section */
		1D10AAE1232621A700F34D51 /* PBXTargetDependency */ = {
			isa = PBXTargetDependency;
			target = 1D10AACA232621A700F34D51 /* HappyDog */;
			targetProxy = 1D10AAE0232621A700F34D51 /* PBXContainerItemProxy */;
		};
/* End PBXTargetDependency section */

/* Begin PBXVariantGroup section */
		1D10AAD2232621A700F34D51 /* Main.storyboard */ = {
			isa = PBXVariantGroup;
			children = (
				1D10AAD3232621A700F34D51 /* Base */,
			);
			name = Main.storyboard;
			sourceTree = "<group>";
		};
		1D10AAD7232621A700F34D51 /* LaunchScreen.storyboard */ = {
			isa = PBXVariantGroup;
			children = (
				1D10AAD8232621A700F34D51 /* Base */,
			);
			name = LaunchScreen.storyboard;
			sourceTree = "<group>";
		};
/* End PBXVariantGroup section */

/* Begin XCBuildConfiguration section */
		1D10AAE6232621A700F34D51 /* Debug */ = {
			isa = XCBuildConfiguration;
			buildSettings = {
				ALWAYS_SEARCH_USER_PATHS = NO;
				CLANG_ANALYZER_NONNULL = YES;
				CLANG_ANALYZER_NUMBER_OBJECT_CONVERSION = YES_AGGRESSIVE;
				CLANG_CXX_LANGUAGE_STANDARD = "gnu++14";
				CLANG_CXX_LIBRARY = "libc++";
				CLANG_ENABLE_MODULES = YES;
				CLANG_ENABLE_OBJC_ARC = YES;
				CLANG_ENABLE_OBJC_WEAK = YES;
				CLANG_WARN_BLOCK_CAPTURE_AUTORELEASING = YES;
				CLANG_WARN_BOOL_CONVERSION = YES;
				CLANG_WARN_COMMA = YES;
				CLANG_WARN_CONSTANT_CONVERSION = YES;
				CLANG_WARN_DEPRECATED_OBJC_IMPLEMENTATIONS = YES;
				CLANG_WARN_DIRECT_OBJC_ISA_USAGE = YES_ERROR;
				CLANG_WARN_DOCUMENTATION_COMMENTS = YES;
				CLANG_WARN_EMPTY_BODY = YES;
				CLANG_WARN_ENUM_CONVERSION = YES;
				CLANG_WARN_INFINITE_RECURSION = YES;
				CLANG_WARN_INT_CONVERSION = YES;
				CLANG_WARN_NON_LITERAL_NULL_CONVERSION = YES;
				CLANG_WARN_OBJC_IMPLICIT_RETAIN_SELF = YES;
				CLANG_WARN_OBJC_LITERAL_CONVERSION = YES;
				CLANG_WARN_OBJC_ROOT_CLASS = YES_ERROR;
				CLANG_WARN_RANGE_LOOP_ANALYSIS = YES;
				CLANG_WARN_STRICT_PROTOTYPES = YES;
				CLANG_WARN_SUSPICIOUS_MOVE = YES;
				CLANG_WARN_UNGUARDED_AVAILABILITY = YES_AGGRESSIVE;
				CLANG_WARN_UNREACHABLE_CODE = YES;
				CLANG_WARN__DUPLICATE_METHOD_MATCH = YES;
				CODE_SIGN_IDENTITY = "iPhone Developer";
				COPY_PHASE_STRIP = NO;
				DEBUG_INFORMATION_FORMAT = dwarf;
				ENABLE_STRICT_OBJC_MSGSEND = YES;
				ENABLE_TESTABILITY = YES;
				GCC_C_LANGUAGE_STANDARD = gnu11;
				GCC_DYNAMIC_NO_PIC = NO;
				GCC_NO_COMMON_BLOCKS = YES;
				GCC_OPTIMIZATION_LEVEL = 0;
				GCC_PREPROCESSOR_DEFINITIONS = (
					"DEBUG=1",
					"$(inherited)",
				);
				GCC_WARN_64_TO_32_BIT_CONVERSION = YES;
				GCC_WARN_ABOUT_RETURN_TYPE = YES_ERROR;
				GCC_WARN_UNDECLARED_SELECTOR = YES;
				GCC_WARN_UNINITIALIZED_AUTOS = YES_AGGRESSIVE;
				GCC_WARN_UNUSED_FUNCTION = YES;
				GCC_WARN_UNUSED_VARIABLE = YES;
				IPHONEOS_DEPLOYMENT_TARGET = 12.4;
				MTL_ENABLE_DEBUG_INFO = INCLUDE_SOURCE;
				MTL_FAST_MATH = YES;
				ONLY_ACTIVE_ARCH = YES;
				SDKROOT = iphoneos;
				SWIFT_ACTIVE_COMPILATION_CONDITIONS = DEBUG;
				SWIFT_OPTIMIZATION_LEVEL = "-Onone";
			};
			name = Debug;
		};
		1D10AAE7232621A700F34D51 /* Release */ = {
			isa = XCBuildConfiguration;
			buildSettings = {
				ALWAYS_SEARCH_USER_PATHS = NO;
				CLANG_ANALYZER_NONNULL = YES;
				CLANG_ANALYZER_NUMBER_OBJECT_CONVERSION = YES_AGGRESSIVE;
				CLANG_CXX_LANGUAGE_STANDARD = "gnu++14";
				CLANG_CXX_LIBRARY = "libc++";
				CLANG_ENABLE_MODULES = YES;
				CLANG_ENABLE_OBJC_ARC = YES;
				CLANG_ENABLE_OBJC_WEAK = YES;
				CLANG_WARN_BLOCK_CAPTURE_AUTORELEASING = YES;
				CLANG_WARN_BOOL_CONVERSION = YES;
				CLANG_WARN_COMMA = YES;
				CLANG_WARN_CONSTANT_CONVERSION = YES;
				CLANG_WARN_DEPRECATED_OBJC_IMPLEMENTATIONS = YES;
				CLANG_WARN_DIRECT_OBJC_ISA_USAGE = YES_ERROR;
				CLANG_WARN_DOCUMENTATION_COMMENTS = YES;
				CLANG_WARN_EMPTY_BODY = YES;
				CLANG_WARN_ENUM_CONVERSION = YES;
				CLANG_WARN_INFINITE_RECURSION = YES;
				CLANG_WARN_INT_CONVERSION = YES;
				CLANG_WARN_NON_LITERAL_NULL_CONVERSION = YES;
				CLANG_WARN_OBJC_IMPLICIT_RETAIN_SELF = YES;
				CLANG_WARN_OBJC_LITERAL_CONVERSION = YES;
				CLANG_WARN_OBJC_ROOT_CLASS = YES_ERROR;
				CLANG_WARN_RANGE_LOOP_ANALYSIS = YES;
				CLANG_WARN_STRICT_PROTOTYPES = YES;
				CLANG_WARN_SUSPICIOUS_MOVE = YES;
				CLANG_WARN_UNGUARDED_AVAILABILITY = YES_AGGRESSIVE;
				CLANG_WARN_UNREACHABLE_CODE = YES;
				CLANG_WARN__DUPLICATE_METHOD_MATCH = YES;
				CODE_SIGN_IDENTITY = "iPhone Developer";
				COPY_PHASE_STRIP = NO;
				DEBUG_INFORMATION_FORMAT = "dwarf-with-dsym";
				ENABLE_NS_ASSERTIONS = NO;
				ENABLE_STRICT_OBJC_MSGSEND = YES;
				GCC_C_LANGUAGE_STANDARD = gnu11;
				GCC_NO_COMMON_BLOCKS = YES;
				GCC_WARN_64_TO_32_BIT_CONVERSION = YES;
				GCC_WARN_ABOUT_RETURN_TYPE = YES_ERROR;
				GCC_WARN_UNDECLARED_SELECTOR = YES;
				GCC_WARN_UNINITIALIZED_AUTOS = YES_AGGRESSIVE;
				GCC_WARN_UNUSED_FUNCTION = YES;
				GCC_WARN_UNUSED_VARIABLE = YES;
				IPHONEOS_DEPLOYMENT_TARGET = 12.4;
				MTL_ENABLE_DEBUG_INFO = NO;
				MTL_FAST_MATH = YES;
				SDKROOT = iphoneos;
				SWIFT_COMPILATION_MODE = wholemodule;
				SWIFT_OPTIMIZATION_LEVEL = "-O";
				VALIDATE_PRODUCT = YES;
			};
			name = Release;
		};
		1D10AAE9232621A700F34D51 /* Debug */ = {
			isa = XCBuildConfiguration;
			buildSettings = {
				ASSETCATALOG_COMPILER_APPICON_NAME = AppIcon;
				CODE_SIGN_STYLE = Automatic;
				INFOPLIST_FILE = HappyDog/Info.plist;
				LD_RUNPATH_SEARCH_PATHS = (
					"$(inherited)",
					"@executable_path/Frameworks",
				);
				PRODUCT_BUNDLE_IDENTIFIER = qyd.cc.HappyDog;
				PRODUCT_NAME = "$(TARGET_NAME)";
				SWIFT_VERSION = 5.0;
				TARGETED_DEVICE_FAMILY = "1,2";
			};
			name = Debug;
		};
		1D10AAEA232621A700F34D51 /* Release */ = {
			isa = XCBuildConfiguration;
			buildSettings = {
				ASSETCATALOG_COMPILER_APPICON_NAME = AppIcon;
				CODE_SIGN_STYLE = Automatic;
				INFOPLIST_FILE = HappyDog/Info.plist;
				LD_RUNPATH_SEARCH_PATHS = (
					"$(inherited)",
					"@executable_path/Frameworks",
				);
				PRODUCT_BUNDLE_IDENTIFIER = qyd.cc.HappyDog;
				PRODUCT_NAME = "$(TARGET_NAME)";
				SWIFT_VERSION = 5.0;
				TARGETED_DEVICE_FAMILY = "1,2";
			};
			name = Release;
		};
		1D10AAEC232621A700F34D51 /* Debug */ = {
			isa = XCBuildConfiguration;
			buildSettings = {
				ALWAYS_EMBED_SWIFT_STANDARD_LIBRARIES = YES;
				BUNDLE_LOADER = "$(TEST_HOST)";
				CODE_SIGN_STYLE = Automatic;
				INFOPLIST_FILE = HappyDogTests/Info.plist;
				LD_RUNPATH_SEARCH_PATHS = (
					"$(inherited)",
					"@executable_path/Frameworks",
					"@loader_path/Frameworks",
				);
				PRODUCT_BUNDLE_IDENTIFIER = qyd.cc.HappyDogTests;
				PRODUCT_NAME = "$(TARGET_NAME)";
				SWIFT_VERSION = 5.0;
				TARGETED_DEVICE_FAMILY = "1,2";
				TEST_HOST = "$(BUILT_PRODUCTS_DIR)/HappyDog.app/HappyDog";
			};
			name = Debug;
		};
		1D10AAED232621A700F34D51 /* Release */ = {
			isa = XCBuildConfiguration;
			buildSettings = {
				ALWAYS_EMBED_SWIFT_STANDARD_LIBRARIES = YES;
				BUNDLE_LOADER = "$(TEST_HOST)";
				CODE_SIGN_STYLE = Automatic;
				INFOPLIST_FILE = HappyDogTests/Info.plist;
				LD_RUNPATH_SEARCH_PATHS = (
					"$(inherited)",
					"@executable_path/Frameworks",
					"@loader_path/Frameworks",
				);
				PRODUCT_BUNDLE_IDENTIFIER = qyd.cc.HappyDogTests;
				PRODUCT_NAME = "$(TARGET_NAME)";
				SWIFT_VERSION = 5.0;
				TARGETED_DEVICE_FAMILY = "1,2";
				TEST_HOST = "$(BUILT_PRODUCTS_DIR)/HappyDog.app/HappyDog";
			};
			name = Release;
		};
/* End XCBuildConfiguration section */

/* Begin XCConfigurationList section */
		1D10AAC6232621A700F34D51 /* Build configuration list for PBXProject "HappyDog" */ = {
			isa = XCConfigurationList;
			buildConfigurations = (
				1D10AAE6232621A700F34D51 /* Debug */,
				1D10AAE7232621A700F34D51 /* Release */,
			);
			defaultConfigurationIsVisible = 0;
			defaultConfigurationName = Release;
		};
		1D10AAE8232621A700F34D51 /* Build configuration list for PBXNativeTarget "HappyDog" */ = {
			isa = XCConfigurationList;
			buildConfigurations = (
				1D10AAE9232621A700F34D51 /* Debug */,
				1D10AAEA232621A700F34D51 /* Release */,
			);
			defaultConfigurationIsVisible = 0;
			defaultConfigurationName = Release;
		};
		1D10AAEB232621A700F34D51 /* Build configuration list for PBXNativeTarget "HappyDogTests" */ = {
			isa = XCConfigurationList;
			buildConfigurations = (
				1D10AAEC232621A700F34D51 /* Debug */,
				1D10AAED232621A700F34D51 /* Release */,
			);
			defaultConfigurationIsVisible = 0;
			defaultConfigurationName = Release;
		};
/* End XCConfigurationList section */
	};
	rootObject = 1D10AAC3232621A700F34D51 /* Project object */;
}
